
Microsoft Visual Studio Solution File, Format Version 12.00
# Visual Studio Version 16
VisualStudioVersion = 25.0.1706.5
MinimumVisualStudioVersion = 10.0.40219.1
Project("{FAE04EC0-301F-11D3-BF4B-00C04F79EFBC}") = "Peace.API", "PeaceAPI\Peace.API.csproj", "{C7951593-EC1F-4969-A8F4-3BD6BB7670EB}"
EndProject
Project("{FAE04EC0-301F-11D3-BF4B-00C04F79EFBC}") = "Peace.Application", "Peace.Application\Peace.Application.csproj", "{97D5BD9F-31A3-45D3-BB61-A1F7EE4CE260}"
EndProject
Project("{FAE04EC0-301F-11D3-BF4B-00C04F79EFBC}") = "Peace.Core", "Peace.Core\Peace.Core.csproj", "{5EE0757C-0444-4E60-ADF5-010E7DE4F365}"
EndProject
Global
	GlobalSection(SolutionConfigurationPlatforms) = preSolution
		Debug|Any CPU = Debug|Any CPU
		Release|Any CPU = Release|Any CPU
	EndGlobalSection
	GlobalSection(ProjectConfigurationPlatforms) = postSolution
		{C7951593-EC1F-4969-A8F4-3BD6BB7670EB}.Debug|Any CPU.ActiveCfg = Debug|Any CPU
		{C7951593-EC1F-4969-A8F4-3BD6BB7670EB}.Debug|Any CPU.Build.0 = Debug|Any CPU
		{C7951593-EC1F-4969-A8F4-3BD6BB7670EB}.Release|Any CPU.ActiveCfg = Release|Any CPU
		{C7951593-EC1F-4969-A8F4-3BD6BB7670EB}.Release|Any CPU.Build.0 = Release|Any CPU
		{97D5BD9F-31A3-45D3-BB61-A1F7EE4CE260}.Debug|Any CPU.ActiveCfg = Debug|Any CPU
		{97D5BD9F-31A3-45D3-BB61-A1F7EE4CE260}.Debug|Any CPU.Build.0 = Debug|Any CPU
		{97D5BD9F-31A3-45D3-BB61-A1F7EE4CE260}.Release|Any CPU.ActiveCfg = Release|Any CPU
		{97D5BD9F-31A3-45D3-BB61-A1F7EE4CE260}.Release|Any CPU.Build.0 = Release|Any CPU
		{5EE0757C-0444-4E60-ADF5-010E7DE4F365}.Debug|Any CPU.ActiveCfg = Debug|Any CPU
		{5EE0757C-0444-4E60-ADF5-010E7DE4F365}.Debug|Any CPU.Build.0 = Debug|Any CPU
		{5EE0757C-0444-4E60-ADF5-010E7DE4F365}.Release|Any CPU.ActiveCfg = Release|Any CPU
		{5EE0757C-0444-4E60-ADF5-010E7DE4F365}.Release|Any CPU.Build.0 = Release|Any CPU
	EndGlobalSection
	GlobalSection(SolutionProperties) = preSolution
		HideSolutionNode = FALSE
	EndGlobalSection
	GlobalSection(ExtensibilityGlobals) = postSolution
		SolutionGuid = {5BA50DB1-5BA0-4489-9EB5-BA967B54AAFA}
	EndGlobalSection
EndGlobal
